
Microsoft Visual Studio Solution File, Format Version 12.00
# Visual Studio 14
VisualStudioVersion = 14.0.25420.1
MinimumVisualStudioVersion = 10.0.40219.1
Project("{FAE04EC0-301F-11D3-BF4B-00C04F79EFBC}") = "RepoSync.CLI", "RepoSyncCLI\RepoSync.CLI.csproj", "{36ABF7FA-E865-4891-83A6-5E7DFF3E692B}"
EndProject
Project("{FAE04EC0-301F-11D3-BF4B-00C04F79EFBC}") = "RepoSync", "RepoSync\RepoSync.csproj", "{AA5D6AFD-B129-4B59-92BF-2BD1082430EA}"
EndProject
Project("{2150E333-8FDC-42A3-9474-1A3956D46DE8}") = "Providers", "Providers", "{C68F9BDA-D3E8-4FD8-89BE-D77D50044B52}"
EndProject
Project("{FAE04EC0-301F-11D3-BF4B-00C04F79EFBC}") = "SnClientLibraryProvider", "SnClientLibraryProvider\SnClientLibraryProvider.csproj", "{4F639C41-C33C-41C7-9C51-89DBEDFA9581}"
EndProject
Project("{FAE04EC0-301F-11D3-BF4B-00C04F79EFBC}") = "FileSystemProvider", "FileSystemProvider\FileSystemProvider.csproj", "{38AABAE9-BEFB-4EE8-A002-48AF77CD78AC}"
EndProject
Project("{FAE04EC0-301F-11D3-BF4B-00C04F79EFBC}") = "MemoryProvider", "MemoryProvider\MemoryProvider.csproj", "{B0F83DF2-4E2D-4D92-A888-463E654BF552}"
EndProject
Project("{FAE04EC0-301F-11D3-BF4B-00C04F79EFBC}") = "FileSystemProviderTest", "FileSystemProviderTest\FileSystemProviderTest.csproj", "{F7494D63-32BC-4AA4-B000-87AE5C2AA0E9}"
EndProject
Global
	GlobalSection(SolutionConfigurationPlatforms) = preSolution
		Debug|Any CPU = Debug|Any CPU
		Release|Any CPU = Release|Any CPU
	EndGlobalSection
	GlobalSection(ProjectConfigurationPlatforms) = postSolution
		{36ABF7FA-E865-4891-83A6-5E7DFF3E692B}.Debug|Any CPU.ActiveCfg = Debug|Any CPU
		{36ABF7FA-E865-4891-83A6-5E7DFF3E692B}.Debug|Any CPU.Build.0 = Debug|Any CPU
		{36ABF7FA-E865-4891-83A6-5E7DFF3E692B}.Release|Any CPU.ActiveCfg = Release|Any CPU
		{36ABF7FA-E865-4891-83A6-5E7DFF3E692B}.Release|Any CPU.Build.0 = Release|Any CPU
		{AA5D6AFD-B129-4B59-92BF-2BD1082430EA}.Debug|Any CPU.ActiveCfg = Debug|Any CPU
		{AA5D6AFD-B129-4B59-92BF-2BD1082430EA}.Debug|Any CPU.Build.0 = Debug|Any CPU
		{AA5D6AFD-B129-4B59-92BF-2BD1082430EA}.Release|Any CPU.ActiveCfg = Release|Any CPU
		{AA5D6AFD-B129-4B59-92BF-2BD1082430EA}.Release|Any CPU.Build.0 = Release|Any CPU
		{4F639C41-C33C-41C7-9C51-89DBEDFA9581}.Debug|Any CPU.ActiveCfg = Debug|Any CPU
		{4F639C41-C33C-41C7-9C51-89DBEDFA9581}.Debug|Any CPU.Build.0 = Debug|Any CPU
		{4F639C41-C33C-41C7-9C51-89DBEDFA9581}.Release|Any CPU.ActiveCfg = Release|Any CPU
		{4F639C41-C33C-41C7-9C51-89DBEDFA9581}.Release|Any CPU.Build.0 = Release|Any CPU
		{38AABAE9-BEFB-4EE8-A002-48AF77CD78AC}.Debug|Any CPU.ActiveCfg = Debug|Any CPU
		{38AABAE9-BEFB-4EE8-A002-48AF77CD78AC}.Debug|Any CPU.Build.0 = Debug|Any CPU
		{38AABAE9-BEFB-4EE8-A002-48AF77CD78AC}.Release|Any CPU.ActiveCfg = Release|Any CPU
		{38AABAE9-BEFB-4EE8-A002-48AF77CD78AC}.Release|Any CPU.Build.0 = Release|Any CPU
		{B0F83DF2-4E2D-4D92-A888-463E654BF552}.Debug|Any CPU.ActiveCfg = Debug|Any CPU
		{B0F83DF2-4E2D-4D92-A888-463E654BF552}.Debug|Any CPU.Build.0 = Debug|Any CPU
		{B0F83DF2-4E2D-4D92-A888-463E654BF552}.Release|Any CPU.ActiveCfg = Release|Any CPU
		{B0F83DF2-4E2D-4D92-A888-463E654BF552}.Release|Any CPU.Build.0 = Release|Any CPU
		{F7494D63-32BC-4AA4-B000-87AE5C2AA0E9}.Debug|Any CPU.ActiveCfg = Debug|Any CPU
		{F7494D63-32BC-4AA4-B000-87AE5C2AA0E9}.Debug|Any CPU.Build.0 = Debug|Any CPU
		{F7494D63-32BC-4AA4-B000-87AE5C2AA0E9}.Release|Any CPU.ActiveCfg = Release|Any CPU
		{F7494D63-32BC-4AA4-B000-87AE5C2AA0E9}.Release|Any CPU.Build.0 = Release|Any CPU
	EndGlobalSection
	GlobalSection(SolutionProperties) = preSolution
		HideSolutionNode = FALSE
	EndGlobalSection
	GlobalSection(NestedProjects) = preSolution
		{4F639C41-C33C-41C7-9C51-89DBEDFA9581} = {C68F9BDA-D3E8-4FD8-89BE-D77D50044B52}
		{38AABAE9-BEFB-4EE8-A002-48AF77CD78AC} = {C68F9BDA-D3E8-4FD8-89BE-D77D50044B52}
		{B0F83DF2-4E2D-4D92-A888-463E654BF552} = {C68F9BDA-D3E8-4FD8-89BE-D77D50044B52}
		{F7494D63-32BC-4AA4-B000-87AE5C2AA0E9} = {C68F9BDA-D3E8-4FD8-89BE-D77D50044B52}
	EndGlobalSection
EndGlobal
